
Microsoft Visual Studio Solution File, Format Version 12.00
# Visual Studio 15
VisualStudioVersion = 15.0.27130.2003
MinimumVisualStudioVersion = 10.0.40219.1
Project("{FAE04EC0-301F-11D3-BF4B-00C04F79EFBC}") = "SGDManagedEngine", "SGDManagedEngine\SGDManagedEngine.csproj", "{C23E4D54-274D-415D-86AC-DD71C364BE47}"
	ProjectSection(ProjectDependencies) = postProject
		{35F9DF50-421F-4FFA-9636-5B4F75AA45D7} = {35F9DF50-421F-4FFA-9636-5B4F75AA45D7}
	EndProjectSection
EndProject
Project("{2150E333-8FDC-42A3-9474-1A3956D46DE8}") = "Atf", "Atf", "{0437BB18-A815-4046-8553-3047B556A738}"
EndProject
Project("{FAE04EC0-301F-11D3-BF4B-00C04F79EFBC}") = "Atf.Core.vs2010", "..\ThirdParty\Atf\Framework\Atf.Core\Atf.Core.vs2010.csproj", "{9D1835B6-D1C2-44BA-BAE1-05C6EC442D2F}"
EndProject
Project("{FAE04EC0-301F-11D3-BF4B-00C04F79EFBC}") = "Atf.Gui.Wpf.vs2010", "..\ThirdParty\Atf\Framework\Atf.Gui.Wpf\Atf.Gui.Wpf.vs2010.csproj", "{050FC659-553F-4911-A609-5BA1BE4EDBF8}"
EndProject
Project("{FAE04EC0-301F-11D3-BF4B-00C04F79EFBC}") = "SGDModelViewer", "SGDModelViewer\SGDModelViewer.csproj", "{B3281BCB-D788-4E4E-909F-4D53351C4247}"
EndProject
Project("{FAE04EC0-301F-11D3-BF4B-00C04F79EFBC}") = "Atf.Gui.vs2010", "..\ThirdParty\Atf\Framework\Atf.Gui\Atf.Gui.vs2010.csproj", "{4765C2A7-F989-40DB-BC12-FCD67025B93F}"
EndProject
Project("{FAE04EC0-301F-11D3-BF4B-00C04F79EFBC}") = "Atf.Gui.WinForms.vs2010", "..\ThirdParty\Atf\Framework\Atf.Gui.WinForms\Atf.Gui.WinForms.vs2010.csproj", "{7C36A258-9102-420D-B80A-5EB5717644B6}"
EndProject
Project("{FAE04EC0-301F-11D3-BF4B-00C04F79EFBC}") = "LevelEditorCore.vs2010", "..\ThirdParty\LevelEditorCore\LevelEditorCore.vs2010.csproj", "{8EAAA859-349E-4605-A0AF-118017881212}"
EndProject
Project("{8BC9CEB8-8B4A-11D0-8D11-00A0C91BC942}") = "SGDThread", "SGDThread\SGDThread.vcxproj", "{30156A9F-ED52-463D-8DDE-18F6E5F4C24D}"
EndProject
Project("{8BC9CEB8-8B4A-11D0-8D11-00A0C91BC942}") = "SGDManagedEngineWrapper", "SGDManagedEngineWrapper\SGDManagedEngineWrapper.vcxproj", "{35F9DF50-421F-4FFA-9636-5B4F75AA45D7}"
	ProjectSection(ProjectDependencies) = postProject
		{30156A9F-ED52-463D-8DDE-18F6E5F4C24D} = {30156A9F-ED52-463D-8DDE-18F6E5F4C24D}
	EndProjectSection
EndProject
Project("{8BC9CEB8-8B4A-11D0-8D11-00A0C91BC942}") = "SGDThreadUnitTests", "SGDThreadUnitTests\SGDThreadUnitTests.vcxproj", "{9582924D-D7C9-402A-8C59-C8842F5281FE}"
	ProjectSection(ProjectDependencies) = postProject
		{30156A9F-ED52-463D-8DDE-18F6E5F4C24D} = {30156A9F-ED52-463D-8DDE-18F6E5F4C24D}
	EndProjectSection
EndProject
Project("{8BC9CEB8-8B4A-11D0-8D11-00A0C91BC942}") = "SGDCore", "SGDCore\SGDCore.vcxproj", "{CF7E96C8-B2FA-459F-9B95-3ED24AEE1EFB}"
EndProject
Project("{2150E333-8FDC-42A3-9474-1A3956D46DE8}") = "c++ libraries", "c++ libraries", "{E602495B-58AE-47CA-AA87-608E0F0E75DD}"
EndProject
Project("{FAE04EC0-301F-11D3-BF4B-00C04F79EFBC}") = "SGDRayTracer", "SGDRayTracer\SGDRayTracer.csproj", "{DAF546D4-71D7-4771-BE6A-43A35BF6F575}"
EndProject
Project("{FAE04EC0-301F-11D3-BF4B-00C04F79EFBC}") = "SGDUtil", "SGDUtil\SGDUtil.csproj", "{9DB98455-82A1-43E3-8342-9BCFCE1F1233}"
EndProject
Project("{FAE04EC0-301F-11D3-BF4B-00C04F79EFBC}") = "SGDPhysicsEngine", "SGDPhysicsEngine\SGDPhysicsEngine.csproj", "{AFC9D468-26F0-4693-8EC0-EA8D53303F19}"
EndProject
Global
	GlobalSection(SolutionConfigurationPlatforms) = preSolution
		Debug|Any CPU = Debug|Any CPU
		Debug|x64 = Debug|x64
		Debug|x86 = Debug|x86
		Release|Any CPU = Release|Any CPU
		Release|x64 = Release|x64
		Release|x86 = Release|x86
	EndGlobalSection
	GlobalSection(ProjectConfigurationPlatforms) = postSolution
		{C23E4D54-274D-415D-86AC-DD71C364BE47}.Debug|Any CPU.ActiveCfg = Debug|Any CPU
		{C23E4D54-274D-415D-86AC-DD71C364BE47}.Debug|Any CPU.Build.0 = Debug|Any CPU
		{C23E4D54-274D-415D-86AC-DD71C364BE47}.Debug|x64.ActiveCfg = Debug|x64
		{C23E4D54-274D-415D-86AC-DD71C364BE47}.Debug|x64.Build.0 = Debug|x64
		{C23E4D54-274D-415D-86AC-DD71C364BE47}.Debug|x86.ActiveCfg = Debug|x86
		{C23E4D54-274D-415D-86AC-DD71C364BE47}.Debug|x86.Build.0 = Debug|x86
		{C23E4D54-274D-415D-86AC-DD71C364BE47}.Release|Any CPU.ActiveCfg = Release|Any CPU
		{C23E4D54-274D-415D-86AC-DD71C364BE47}.Release|Any CPU.Build.0 = Release|Any CPU
		{C23E4D54-274D-415D-86AC-DD71C364BE47}.Release|x64.ActiveCfg = Release|x64
		{C23E4D54-274D-415D-86AC-DD71C364BE47}.Release|x64.Build.0 = Release|x64
		{C23E4D54-274D-415D-86AC-DD71C364BE47}.Release|x86.ActiveCfg = Release|x86
		{C23E4D54-274D-415D-86AC-DD71C364BE47}.Release|x86.Build.0 = Release|x86
		{9D1835B6-D1C2-44BA-BAE1-05C6EC442D2F}.Debug|Any CPU.ActiveCfg = Debug|Any CPU
		{9D1835B6-D1C2-44BA-BAE1-05C6EC442D2F}.Debug|Any CPU.Build.0 = Debug|Any CPU
		{9D1835B6-D1C2-44BA-BAE1-05C6EC442D2F}.Debug|x64.ActiveCfg = Debug|x64
		{9D1835B6-D1C2-44BA-BAE1-05C6EC442D2F}.Debug|x64.Build.0 = Debug|x64
		{9D1835B6-D1C2-44BA-BAE1-05C6EC442D2F}.Debug|x86.ActiveCfg = Debug|x86
		{9D1835B6-D1C2-44BA-BAE1-05C6EC442D2F}.Debug|x86.Build.0 = Debug|x86
		{9D1835B6-D1C2-44BA-BAE1-05C6EC442D2F}.Release|Any CPU.ActiveCfg = Release|Any CPU
		{9D1835B6-D1C2-44BA-BAE1-05C6EC442D2F}.Release|Any CPU.Build.0 = Release|Any CPU
		{9D1835B6-D1C2-44BA-BAE1-05C6EC442D2F}.Release|x64.ActiveCfg = Release|x64
		{9D1835B6-D1C2-44BA-BAE1-05C6EC442D2F}.Release|x64.Build.0 = Release|x64
		{9D1835B6-D1C2-44BA-BAE1-05C6EC442D2F}.Release|x86.ActiveCfg = Release|x86
		{9D1835B6-D1C2-44BA-BAE1-05C6EC442D2F}.Release|x86.Build.0 = Release|x86
		{050FC659-553F-4911-A609-5BA1BE4EDBF8}.Debug|Any CPU.ActiveCfg = Debug|Any CPU
		{050FC659-553F-4911-A609-5BA1BE4EDBF8}.Debug|Any CPU.Build.0 = Debug|Any CPU
		{050FC659-553F-4911-A609-5BA1BE4EDBF8}.Debug|x64.ActiveCfg = Debug|x64
		{050FC659-553F-4911-A609-5BA1BE4EDBF8}.Debug|x64.Build.0 = Debug|x64
		{050FC659-553F-4911-A609-5BA1BE4EDBF8}.Debug|x86.ActiveCfg = Debug|x86
		{050FC659-553F-4911-A609-5BA1BE4EDBF8}.Debug|x86.Build.0 = Debug|x86
		{050FC659-553F-4911-A609-5BA1BE4EDBF8}.Release|Any CPU.ActiveCfg = Release|Any CPU
		{050FC659-553F-4911-A609-5BA1BE4EDBF8}.Release|Any CPU.Build.0 = Release|Any CPU
		{050FC659-553F-4911-A609-5BA1BE4EDBF8}.Release|x64.ActiveCfg = Release|x64
		{050FC659-553F-4911-A609-5BA1BE4EDBF8}.Release|x64.Build.0 = Release|x64
		{050FC659-553F-4911-A609-5BA1BE4EDBF8}.Release|x86.ActiveCfg = Release|x86
		{050FC659-553F-4911-A609-5BA1BE4EDBF8}.Release|x86.Build.0 = Release|x86
		{B3281BCB-D788-4E4E-909F-4D53351C4247}.Debug|Any CPU.ActiveCfg = Debug|Any CPU
		{B3281BCB-D788-4E4E-909F-4D53351C4247}.Debug|Any CPU.Build.0 = Debug|Any CPU
		{B3281BCB-D788-4E4E-909F-4D53351C4247}.Debug|x64.ActiveCfg = Debug|x64
		{B3281BCB-D788-4E4E-909F-4D53351C4247}.Debug|x64.Build.0 = Debug|x64
		{B3281BCB-D788-4E4E-909F-4D53351C4247}.Debug|x86.ActiveCfg = Debug|x86
		{B3281BCB-D788-4E4E-909F-4D53351C4247}.Debug|x86.Build.0 = Debug|x86
		{B3281BCB-D788-4E4E-909F-4D53351C4247}.Release|Any CPU.ActiveCfg = Release|Any CPU
		{B3281BCB-D788-4E4E-909F-4D53351C4247}.Release|Any CPU.Build.0 = Release|Any CPU
		{B3281BCB-D788-4E4E-909F-4D53351C4247}.Release|x64.ActiveCfg = Release|x64
		{B3281BCB-D788-4E4E-909F-4D53351C4247}.Release|x64.Build.0 = Release|x64
		{B3281BCB-D788-4E4E-909F-4D53351C4247}.Release|x86.ActiveCfg = Release|x86
		{B3281BCB-D788-4E4E-909F-4D53351C4247}.Release|x86.Build.0 = Release|x86
		{4765C2A7-F989-40DB-BC12-FCD67025B93F}.Debug|Any CPU.ActiveCfg = Debug|Any CPU
		{4765C2A7-F989-40DB-BC12-FCD67025B93F}.Debug|Any CPU.Build.0 = Debug|Any CPU
		{4765C2A7-F989-40DB-BC12-FCD67025B93F}.Debug|x64.ActiveCfg = Debug|x64
		{4765C2A7-F989-40DB-BC12-FCD67025B93F}.Debug|x64.Build.0 = Debug|x64
		{4765C2A7-F989-40DB-BC12-FCD67025B93F}.Debug|x86.ActiveCfg = Debug|x86
		{4765C2A7-F989-40DB-BC12-FCD67025B93F}.Debug|x86.Build.0 = Debug|x86
		{4765C2A7-F989-40DB-BC12-FCD67025B93F}.Release|Any CPU.ActiveCfg = Release|Any CPU
		{4765C2A7-F989-40DB-BC12-FCD67025B93F}.Release|Any CPU.Build.0 = Release|Any CPU
		{4765C2A7-F989-40DB-BC12-FCD67025B93F}.Release|x64.ActiveCfg = Release|x64
		{4765C2A7-F989-40DB-BC12-FCD67025B93F}.Release|x64.Build.0 = Release|x64
		{4765C2A7-F989-40DB-BC12-FCD67025B93F}.Release|x86.ActiveCfg = Release|x86
		{4765C2A7-F989-40DB-BC12-FCD67025B93F}.Release|x86.Build.0 = Release|x86
		{7C36A258-9102-420D-B80A-5EB5717644B6}.Debug|Any CPU.ActiveCfg = Debug|Any CPU
		{7C36A258-9102-420D-B80A-5EB5717644B6}.Debug|Any CPU.Build.0 = Debug|Any CPU
		{7C36A258-9102-420D-B80A-5EB5717644B6}.Debug|x64.ActiveCfg = Debug|x64
		{7C36A258-9102-420D-B80A-5EB5717644B6}.Debug|x64.Build.0 = Debug|x64
		{7C36A258-9102-420D-B80A-5EB5717644B6}.Debug|x86.ActiveCfg = Debug|x86
		{7C36A258-9102-420D-B80A-5EB5717644B6}.Debug|x86.Build.0 = Debug|x86
		{7C36A258-9102-420D-B80A-5EB5717644B6}.Release|Any CPU.ActiveCfg = Release|Any CPU
		{7C36A258-9102-420D-B80A-5EB5717644B6}.Release|Any CPU.Build.0 = Release|Any CPU
		{7C36A258-9102-420D-B80A-5EB5717644B6}.Release|x64.ActiveCfg = Release|x64
		{7C36A258-9102-420D-B80A-5EB5717644B6}.Release|x64.Build.0 = Release|x64
		{7C36A258-9102-420D-B80A-5EB5717644B6}.Release|x86.ActiveCfg = Release|x86
		{7C36A258-9102-420D-B80A-5EB5717644B6}.Release|x86.Build.0 = Release|x86
		{8EAAA859-349E-4605-A0AF-118017881212}.Debug|Any CPU.ActiveCfg = Debug|Any CPU
		{8EAAA859-349E-4605-A0AF-118017881212}.Debug|Any CPU.Build.0 = Debug|Any CPU
		{8EAAA859-349E-4605-A0AF-118017881212}.Debug|x64.ActiveCfg = Debug|x64
		{8EAAA859-349E-4605-A0AF-118017881212}.Debug|x64.Build.0 = Debug|x64
		{8EAAA859-349E-4605-A0AF-118017881212}.Debug|x86.ActiveCfg = Debug|x86
		{8EAAA859-349E-4605-A0AF-118017881212}.Debug|x86.Build.0 = Debug|x86
		{8EAAA859-349E-4605-A0AF-118017881212}.Release|Any CPU.ActiveCfg = Release|Any CPU
		{8EAAA859-349E-4605-A0AF-118017881212}.Release|Any CPU.Build.0 = Release|Any CPU
		{8EAAA859-349E-4605-A0AF-118017881212}.Release|x64.ActiveCfg = Release|x64
		{8EAAA859-349E-4605-A0AF-118017881212}.Release|x64.Build.0 = Release|x64
		{8EAAA859-349E-4605-A0AF-118017881212}.Release|x86.ActiveCfg = Release|x86
		{8EAAA859-349E-4605-A0AF-118017881212}.Release|x86.Build.0 = Release|x86
		{30156A9F-ED52-463D-8DDE-18F6E5F4C24D}.Debug|Any CPU.ActiveCfg = Debug|Win32
		{30156A9F-ED52-463D-8DDE-18F6E5F4C24D}.Debug|x64.ActiveCfg = Debug|x64
		{30156A9F-ED52-463D-8DDE-18F6E5F4C24D}.Debug|x64.Build.0 = Debug|x64
		{30156A9F-ED52-463D-8DDE-18F6E5F4C24D}.Debug|x86.ActiveCfg = Debug|Win32
		{30156A9F-ED52-463D-8DDE-18F6E5F4C24D}.Debug|x86.Build.0 = Debug|Win32
		{30156A9F-ED52-463D-8DDE-18F6E5F4C24D}.Release|Any CPU.ActiveCfg = Release|Win32
		{30156A9F-ED52-463D-8DDE-18F6E5F4C24D}.Release|x64.ActiveCfg = Release|x64
		{30156A9F-ED52-463D-8DDE-18F6E5F4C24D}.Release|x64.Build.0 = Release|x64
		{30156A9F-ED52-463D-8DDE-18F6E5F4C24D}.Release|x86.ActiveCfg = Release|Win32
		{30156A9F-ED52-463D-8DDE-18F6E5F4C24D}.Release|x86.Build.0 = Release|Win32
		{35F9DF50-421F-4FFA-9636-5B4F75AA45D7}.Debug|Any CPU.ActiveCfg = Debug|Win32
		{35F9DF50-421F-4FFA-9636-5B4F75AA45D7}.Debug|x64.ActiveCfg = Debug|x64
		{35F9DF50-421F-4FFA-9636-5B4F75AA45D7}.Debug|x64.Build.0 = Debug|x64
		{35F9DF50-421F-4FFA-9636-5B4F75AA45D7}.Debug|x86.ActiveCfg = Debug|Win32
		{35F9DF50-421F-4FFA-9636-5B4F75AA45D7}.Debug|x86.Build.0 = Debug|Win32
		{35F9DF50-421F-4FFA-9636-5B4F75AA45D7}.Release|Any CPU.ActiveCfg = Release|Win32
		{35F9DF50-421F-4FFA-9636-5B4F75AA45D7}.Release|x64.ActiveCfg = Release|x64
		{35F9DF50-421F-4FFA-9636-5B4F75AA45D7}.Release|x64.Build.0 = Release|x64
		{35F9DF50-421F-4FFA-9636-5B4F75AA45D7}.Release|x86.ActiveCfg = Release|Win32
		{35F9DF50-421F-4FFA-9636-5B4F75AA45D7}.Release|x86.Build.0 = Release|Win32
		{9582924D-D7C9-402A-8C59-C8842F5281FE}.Debug|Any CPU.ActiveCfg = Debug|Win32
		{9582924D-D7C9-402A-8C59-C8842F5281FE}.Debug|x64.ActiveCfg = Debug|x64
		{9582924D-D7C9-402A-8C59-C8842F5281FE}.Debug|x64.Build.0 = Debug|x64
		{9582924D-D7C9-402A-8C59-C8842F5281FE}.Debug|x86.ActiveCfg = Debug|Win32
		{9582924D-D7C9-402A-8C59-C8842F5281FE}.Debug|x86.Build.0 = Debug|Win32
		{9582924D-D7C9-402A-8C59-C8842F5281FE}.Release|Any CPU.ActiveCfg = Release|Win32
		{9582924D-D7C9-402A-8C59-C8842F5281FE}.Release|x64.ActiveCfg = Release|x64
		{9582924D-D7C9-402A-8C59-C8842F5281FE}.Release|x64.Build.0 = Release|x64
		{9582924D-D7C9-402A-8C59-C8842F5281FE}.Release|x86.ActiveCfg = Release|Win32
		{9582924D-D7C9-402A-8C59-C8842F5281FE}.Release|x86.Build.0 = Release|Win32
		{CF7E96C8-B2FA-459F-9B95-3ED24AEE1EFB}.Debug|Any CPU.ActiveCfg = Debug|Win32
		{CF7E96C8-B2FA-459F-9B95-3ED24AEE1EFB}.Debug|x64.ActiveCfg = Debug|x64
		{CF7E96C8-B2FA-459F-9B95-3ED24AEE1EFB}.Debug|x64.Build.0 = Debug|x64
		{CF7E96C8-B2FA-459F-9B95-3ED24AEE1EFB}.Debug|x86.ActiveCfg = Debug|Win32
		{CF7E96C8-B2FA-459F-9B95-3ED24AEE1EFB}.Debug|x86.Build.0 = Debug|Win32
		{CF7E96C8-B2FA-459F-9B95-3ED24AEE1EFB}.Release|Any CPU.ActiveCfg = Release|Win32
		{CF7E96C8-B2FA-459F-9B95-3ED24AEE1EFB}.Release|x64.ActiveCfg = Release|x64
		{CF7E96C8-B2FA-459F-9B95-3ED24AEE1EFB}.Release|x64.Build.0 = Release|x64
		{CF7E96C8-B2FA-459F-9B95-3ED24AEE1EFB}.Release|x86.ActiveCfg = Release|Win32
		{CF7E96C8-B2FA-459F-9B95-3ED24AEE1EFB}.Release|x86.Build.0 = Release|Win32
		{DAF546D4-71D7-4771-BE6A-43A35BF6F575}.Debug|Any CPU.ActiveCfg = Debug|Any CPU
		{DAF546D4-71D7-4771-BE6A-43A35BF6F575}.Debug|Any CPU.Build.0 = Debug|Any CPU
		{DAF546D4-71D7-4771-BE6A-43A35BF6F575}.Debug|x64.ActiveCfg = Debug|Any CPU
		{DAF546D4-71D7-4771-BE6A-43A35BF6F575}.Debug|x64.Build.0 = Debug|Any CPU
		{DAF546D4-71D7-4771-BE6A-43A35BF6F575}.Debug|x86.ActiveCfg = Debug|Any CPU
		{DAF546D4-71D7-4771-BE6A-43A35BF6F575}.Debug|x86.Build.0 = Debug|Any CPU
		{DAF546D4-71D7-4771-BE6A-43A35BF6F575}.Release|Any CPU.ActiveCfg = Release|Any CPU
		{DAF546D4-71D7-4771-BE6A-43A35BF6F575}.Release|Any CPU.Build.0 = Release|Any CPU
		{DAF546D4-71D7-4771-BE6A-43A35BF6F575}.Release|x64.ActiveCfg = Release|Any CPU
		{DAF546D4-71D7-4771-BE6A-43A35BF6F575}.Release|x64.Build.0 = Release|Any CPU
		{DAF546D4-71D7-4771-BE6A-43A35BF6F575}.Release|x86.ActiveCfg = Release|Any CPU
		{DAF546D4-71D7-4771-BE6A-43A35BF6F575}.Release|x86.Build.0 = Release|Any CPU
		{9DB98455-82A1-43E3-8342-9BCFCE1F1233}.Debug|Any CPU.ActiveCfg = Debug|Any CPU
		{9DB98455-82A1-43E3-8342-9BCFCE1F1233}.Debug|Any CPU.Build.0 = Debug|Any CPU
		{9DB98455-82A1-43E3-8342-9BCFCE1F1233}.Debug|x64.ActiveCfg = Debug|Any CPU
		{9DB98455-82A1-43E3-8342-9BCFCE1F1233}.Debug|x64.Build.0 = Debug|Any CPU
		{9DB98455-82A1-43E3-8342-9BCFCE1F1233}.Debug|x86.ActiveCfg = Debug|Any CPU
		{9DB98455-82A1-43E3-8342-9BCFCE1F1233}.Debug|x86.Build.0 = Debug|Any CPU
		{9DB98455-82A1-43E3-8342-9BCFCE1F1233}.Release|Any CPU.ActiveCfg = Release|Any CPU
		{9DB98455-82A1-43E3-8342-9BCFCE1F1233}.Release|Any CPU.Build.0 = Release|Any CPU
		{9DB98455-82A1-43E3-8342-9BCFCE1F1233}.Release|x64.ActiveCfg = Release|Any CPU
		{9DB98455-82A1-43E3-8342-9BCFCE1F1233}.Release|x64.Build.0 = Release|Any CPU
		{9DB98455-82A1-43E3-8342-9BCFCE1F1233}.Release|x86.ActiveCfg = Release|Any CPU
		{9DB98455-82A1-43E3-8342-9BCFCE1F1233}.Release|x86.Build.0 = Release|Any CPU
		{AFC9D468-26F0-4693-8EC0-EA8D53303F19}.Debug|Any CPU.ActiveCfg = Debug|Any CPU
		{AFC9D468-26F0-4693-8EC0-EA8D53303F19}.Debug|Any CPU.Build.0 = Debug|Any CPU
		{AFC9D468-26F0-4693-8EC0-EA8D53303F19}.Debug|x64.ActiveCfg = Debug|Any CPU
		{AFC9D468-26F0-4693-8EC0-EA8D53303F19}.Debug|x64.Build.0 = Debug|Any CPU
		{AFC9D468-26F0-4693-8EC0-EA8D53303F19}.Debug|x86.ActiveCfg = Debug|Any CPU
		{AFC9D468-26F0-4693-8EC0-EA8D53303F19}.Debug|x86.Build.0 = Debug|Any CPU
		{AFC9D468-26F0-4693-8EC0-EA8D53303F19}.Release|Any CPU.ActiveCfg = Release|Any CPU
		{AFC9D468-26F0-4693-8EC0-EA8D53303F19}.Release|Any CPU.Build.0 = Release|Any CPU
		{AFC9D468-26F0-4693-8EC0-EA8D53303F19}.Release|x64.ActiveCfg = Release|Any CPU
		{AFC9D468-26F0-4693-8EC0-EA8D53303F19}.Release|x64.Build.0 = Release|Any CPU
		{AFC9D468-26F0-4693-8EC0-EA8D53303F19}.Release|x86.ActiveCfg = Release|Any CPU
		{AFC9D468-26F0-4693-8EC0-EA8D53303F19}.Release|x86.Build.0 = Release|Any CPU
	EndGlobalSection
	GlobalSection(SolutionProperties) = preSolution
		HideSolutionNode = FALSE
	EndGlobalSection
	GlobalSection(NestedProjects) = preSolution
		{9D1835B6-D1C2-44BA-BAE1-05C6EC442D2F} = {0437BB18-A815-4046-8553-3047B556A738}
		{050FC659-553F-4911-A609-5BA1BE4EDBF8} = {0437BB18-A815-4046-8553-3047B556A738}
		{4765C2A7-F989-40DB-BC12-FCD67025B93F} = {0437BB18-A815-4046-8553-3047B556A738}
		{7C36A258-9102-420D-B80A-5EB5717644B6} = {0437BB18-A815-4046-8553-3047B556A738}
		{8EAAA859-349E-4605-A0AF-118017881212} = {0437BB18-A815-4046-8553-3047B556A738}
		{30156A9F-ED52-463D-8DDE-18F6E5F4C24D} = {E602495B-58AE-47CA-AA87-608E0F0E75DD}
		{9582924D-D7C9-402A-8C59-C8842F5281FE} = {E602495B-58AE-47CA-AA87-608E0F0E75DD}
		{CF7E96C8-B2FA-459F-9B95-3ED24AEE1EFB} = {E602495B-58AE-47CA-AA87-608E0F0E75DD}
	EndGlobalSection
	GlobalSection(ExtensibilityGlobals) = postSolution
		SolutionGuid = {3A4BA50B-3307-49F9-B34C-A0E31C3928DE}
	EndGlobalSection
EndGlobal
